
Microsoft Visual Studio Solution File, Format Version 12.00
# Visual Studio Version 16
VisualStudioVersion = 16.0.30503.244
MinimumVisualStudioVersion = 10.0.40219.1
Project("{9A19103F-16F7-4668-BE54-9A1E7A4F7556}") = "TCP-Chat", "TCP-Chat\TCP-Chat.csproj", "{566C4C09-08A0-4559-A169-E5F2ED8A1E6C}"
EndProject
Project("{9A19103F-16F7-4668-BE54-9A1E7A4F7556}") = "ChatServer", "ChatServer\ChatServer.csproj", "{A2027016-08F8-41F8-90AA-A8EB99D31940}"
EndProject
Project("{FAE04EC0-301F-11D3-BF4B-00C04F79EFBC}") = "TCPClientServer", "TCPClientServer\TCPClientServer.csproj", "{3713AE43-7C7F-4BD8-A3AF-FC1DAFE1D15D}"
EndProject
Global
	GlobalSection(SolutionConfigurationPlatforms) = preSolution
		Debug|Any CPU = Debug|Any CPU
		Release|Any CPU = Release|Any CPU
	EndGlobalSection
	GlobalSection(ProjectConfigurationPlatforms) = postSolution
		{566C4C09-08A0-4559-A169-E5F2ED8A1E6C}.Debug|Any CPU.ActiveCfg = Debug|Any CPU
		{566C4C09-08A0-4559-A169-E5F2ED8A1E6C}.Debug|Any CPU.Build.0 = Debug|Any CPU
		{566C4C09-08A0-4559-A169-E5F2ED8A1E6C}.Release|Any CPU.ActiveCfg = Release|Any CPU
		{566C4C09-08A0-4559-A169-E5F2ED8A1E6C}.Release|Any CPU.Build.0 = Release|Any CPU
		{A2027016-08F8-41F8-90AA-A8EB99D31940}.Debug|Any CPU.ActiveCfg = Debug|Any CPU
		{A2027016-08F8-41F8-90AA-A8EB99D31940}.Debug|Any CPU.Build.0 = Debug|Any CPU
		{A2027016-08F8-41F8-90AA-A8EB99D31940}.Release|Any CPU.ActiveCfg = Release|Any CPU
		{A2027016-08F8-41F8-90AA-A8EB99D31940}.Release|Any CPU.Build.0 = Release|Any CPU
		{3713AE43-7C7F-4BD8-A3AF-FC1DAFE1D15D}.Debug|Any CPU.ActiveCfg = Debug|Any CPU
		{3713AE43-7C7F-4BD8-A3AF-FC1DAFE1D15D}.Debug|Any CPU.Build.0 = Debug|Any CPU
		{3713AE43-7C7F-4BD8-A3AF-FC1DAFE1D15D}.Release|Any CPU.ActiveCfg = Release|Any CPU
		{3713AE43-7C7F-4BD8-A3AF-FC1DAFE1D15D}.Release|Any CPU.Build.0 = Release|Any CPU
	EndGlobalSection
	GlobalSection(SolutionProperties) = preSolution
		HideSolutionNode = FALSE
	EndGlobalSection
	GlobalSection(ExtensibilityGlobals) = postSolution
		SolutionGuid = {CDF596C8-B8F9-4B18-A219-2E1D2B48DBD3}
	EndGlobalSection
EndGlobal
