
Microsoft Visual Studio Solution File, Format Version 12.00
# Visual Studio 15
VisualStudioVersion = 15.0.28010.2016
MinimumVisualStudioVersion = 10.0.40219.1
Project("{FAE04EC0-301F-11D3-BF4B-00C04F79EFBC}") = "CustomListExercise", "CustomListExercise\CustomListExercise.csproj", "{2316D284-66F0-4DFD-A05B-1F48E8E82EC5}"
EndProject
Global
	GlobalSection(SolutionConfigurationPlatforms) = preSolution
		Debug|Any CPU = Debug|Any CPU
		Release|Any CPU = Release|Any CPU
	EndGlobalSection
	GlobalSection(ProjectConfigurationPlatforms) = postSolution
		{2316D284-66F0-4DFD-A05B-1F48E8E82EC5}.Debug|Any CPU.ActiveCfg = Debug|Any CPU
		{2316D284-66F0-4DFD-A05B-1F48E8E82EC5}.Debug|Any CPU.Build.0 = Debug|Any CPU
		{2316D284-66F0-4DFD-A05B-1F48E8E82EC5}.Release|Any CPU.ActiveCfg = Release|Any CPU
		{2316D284-66F0-4DFD-A05B-1F48E8E82EC5}.Release|Any CPU.Build.0 = Release|Any CPU
	EndGlobalSection
	GlobalSection(SolutionProperties) = preSolution
		HideSolutionNode = FALSE
	EndGlobalSection
	GlobalSection(ExtensibilityGlobals) = postSolution
		SolutionGuid = {A50B9006-18A5-4368-AE1F-AA4F0DF751BD}
	EndGlobalSection
EndGlobal
